// !$*UTF8*$!
{
	archiveVersion = 1;
	classes = {
	};
	objectVersion = 46;
	objects = {

/* Begin PBXBuildFile section */
		6663FE311B02ECBE00113338 /* main.m in Sources */ = {isa = PBXBuildFile; fileRef = 6663FE301B02ECBE00113338 /* main.m */; };
		6663FE341B02ECBE00113338 /* AppDelegate.m in Sources */ = {isa = PBXBuildFile; fileRef = 6663FE331B02ECBE00113338 /* AppDelegate.m */; };
		6663FE3C1B02ECBE00113338 /* Images.xcassets in Resources */ = {isa = PBXBuildFile; fileRef = 6663FE3B1B02ECBE00113338 /* Images.xcassets */; };
		6663FE3F1B02ECBE00113338 /* LaunchScreen.xib in Resources */ = {isa = PBXBuildFile; fileRef = 6663FE3D1B02ECBE00113338 /* LaunchScreen.xib */; };
		6663FE4B1B02ECBE00113338 /* IOSFontFamilyTests.m in Sources */ = {isa = PBXBuildFile; fileRef = 6663FE4A1B02ECBE00113338 /* IOSFontFamilyTests.m */; };
		6663FE561B02ED9B00113338 /* FontViewController.m in Sources */ = {isa = PBXBuildFile; fileRef = 6663FE551B02ED9B00113338 /* FontViewController.m */; };
/* End PBXBuildFile section */

/* Begin PBXContainerItemProxy section */
		6663FE451B02ECBE00113338 /* PBXContainerItemProxy */ = {
			isa = PBXContainerItemProxy;
			containerPortal = 6663FE231B02ECBE00113338 /* Project object */;
			proxyType = 1;
			remoteGlobalIDString = 6663FE2A1B02ECBE00113338;
			remoteInfo = IOSFontFamily;
		};
/* End PBXContainerItemProxy section */

/* Begin PBXFileReference section */
		6663FE2B1B02ECBE00113338 /* IOSFontFamily.app */ = {isa = PBXFileReference; explicitFileType = wrapper.application; includeInIndex = 0; path = IOSFontFamily.app; sourceTree = BUILT_PRODUCTS_DIR; };
		6663FE2F1B02ECBE00113338 /* Info.plist */ = {isa = PBXFileReference; lastKnownFileType = text.plist.xml; path = Info.plist; sourceTree = "<group>"; };
		6663FE301B02ECBE00113338 /* main.m */ = {isa = PBXFileReference; lastKnownFileType = sourcecode.c.objc; path = main.m; sourceTree = "<group>"; };
		6663FE321B02ECBE00113338 /* AppDelegate.h */ = {isa = PBXFileReference; lastKnownFileType = sourcecode.c.h; path = AppDelegate.h; sourceTree = "<group>"; };
		6663FE331B02ECBE00113338 /* AppDelegate.m */ = {isa = PBXFileReference; lastKnownFileType = sourcecode.c.objc; path = AppDelegate.m; sourceTree = "<group>"; };
		6663FE3B1B02ECBE00113338 /* Images.xcassets */ = {isa = PBXFileReference; lastKnownFileType = folder.assetcatalog; path = Images.xcassets; sourceTree = "<group>"; };
		6663FE3E1B02ECBE00113338 /* Base */ = {isa = PBXFileReference; lastKnownFileType = file.xib; name = Base; path = Base.lproj/LaunchScreen.xib; sourceTree = "<group>"; };
		6663FE441B02ECBE00113338 /* IOSFontFamilyTests.xctest */ = {isa = PBXFileReference; explicitFileType = wrapper.cfbundle; includeInIndex = 0; path = IOSFontFamilyTests.xctest; sourceTree = BUILT_PRODUCTS_DIR; };
		6663FE491B02ECBE00113338 /* Info.plist */ = {isa = PBXFileReference; lastKnownFileType = text.plist.xml; path = Info.plist; sourceTree = "<group>"; };
		6663FE4A1B02ECBE00113338 /* IOSFontFamilyTests.m */ = {isa = PBXFileReference; lastKnownFileType = sourcecode.c.objc; path = IOSFontFamilyTests.m; sourceTree = "<group>"; };
		6663FE541B02ED9B00113338 /* FontViewController.h */ = {isa = PBXFileReference; fileEncoding = 4; lastKnownFileType = sourcecode.c.h; path = FontViewController.h; sourceTree = "<group>"; };
		6663FE551B02ED9B00113338 /* FontViewController.m */ = {isa = PBXFileReference; fileEncoding = 4; lastKnownFileType = sourcecode.c.objc; path = FontViewController.m; sourceTree = "<group>"; };
/* End PBXFileReference section */

/* Begin PBXFrameworksBuildPhase section */
		6663FE281B02ECBE00113338 /* Frameworks */ = {
			isa = PBXFrameworksBuildPhase;
			buildActionMask = 2147483647;
			files = (
			);
			runOnlyForDeploymentPostprocessing = 0;
		};
		6663FE411B02ECBE00113338 /* Frameworks */ = {
			isa = PBXFrameworksBuildPhase;
			buildActionMask = 2147483647;
			files = (
			);
			runOnlyForDeploymentPostprocessing = 0;
		};
/* End PBXFrameworksBuildPhase section */

/* Begin PBXGroup section */
		6663FE221B02ECBE00113338 = {
			isa = PBXGroup;
			children = (
				6663FE2D1B02ECBE00113338 /* IOSFontFamily */,
				6663FE471B02ECBE00113338 /* IOSFontFamilyTests */,
				6663FE2C1B02ECBE00113338 /* Products */,
			);
			sourceTree = "<group>";
		};
		6663FE2C1B02ECBE00113338 /* Products */ = {
			isa = PBXGroup;
			children = (
				6663FE2B1B02ECBE00113338 /* IOSFontFamily.app */,
				6663FE441B02ECBE00113338 /* IOSFontFamilyTests.xctest */,
			);
			name = Products;
			sourceTree = "<group>";
		};
		6663FE2D1B02ECBE00113338 /* IOSFontFamily */ = {
			isa = PBXGroup;
			children = (
				6663FE321B02ECBE00113338 /* AppDelegate.h */,
				6663FE331B02ECBE00113338 /* AppDelegate.m */,
				6663FE541B02ED9B00113338 /* FontViewController.h */,
				6663FE551B02ED9B00113338 /* FontViewController.m */,
				6663FE2E1B02ECBE00113338 /* Supporting Files */,
			);
			path = IOSFontFamily;
			sourceTree = "<group>";
		};
		6663FE2E1B02ECBE00113338 /* Supporting Files */ = {
			isa = PBXGroup;
			children = (
				6663FE3B1B02ECBE00113338 /* Images.xcassets */,
				6663FE3D1B02ECBE00113338 /* LaunchScreen.xib */,
				6663FE2F1B02ECBE00113338 /* Info.plist */,
				6663FE301B02ECBE00113338 /* main.m */,
			);
			name = "Supporting Files";
			sourceTree = "<group>";
		};
		6663FE471B02ECBE00113338 /* IOSFontFamilyTests */ = {
			isa = PBXGroup;
			children = (
				6663FE4A1B02ECBE00113338 /* IOSFontFamilyTests.m */,
				6663FE481B02ECBE00113338 /* Supporting Files */,
			);
			path = IOSFontFamilyTests;
			sourceTree = "<group>";
		};
		6663FE481B02ECBE00113338 /* Supporting Files */ = {
			isa = PBXGroup;
			children = (
				6663FE491B02ECBE00113338 /* Info.plist */,
			);
			name = "Supporting Files";
			sourceTree = "<group>";
		};
/* End PBXGroup section */

/* Begin PBXNativeTarget section */
		6663FE2A1B02ECBE00113338 /* IOSFontFamily */ = {
			isa = PBXNativeTarget;
			buildConfigurationList = 6663FE4E1B02ECBE00113338 /* Build configuration list for PBXNativeTarget "IOSFontFamily" */;
			buildPhases = (
				6663FE271B02ECBE00113338 /* Sources */,
				6663FE281B02ECBE00113338 /* Frameworks */,
				6663FE291B02ECBE00113338 /* Resources */,
			);
			buildRules = (
			);
			dependencies = (
			);
			name = IOSFontFamily;
			productName = IOSFontFamily;
			productReference = 6663FE2B1B02ECBE00113338 /* IOSFontFamily.app */;
			productType = "com.apple.product-type.application";
		};
		6663FE431B02ECBE00113338 /* IOSFontFamilyTests */ = {
			isa = PBXNativeTarget;
			buildConfigurationList = 6663FE511B02ECBE00113338 /* Build configuration list for PBXNativeTarget "IOSFontFamilyTests" */;
			buildPhases = (
				6663FE401B02ECBE00113338 /* Sources */,
				6663FE411B02ECBE00113338 /* Frameworks */,
				6663FE421B02ECBE00113338 /* Resources */,
			);
			buildRules = (
			);
			dependencies = (
				6663FE461B02ECBE00113338 /* PBXTargetDependency */,
			);
			name = IOSFontFamilyTests;
			productName = IOSFontFamilyTests;
			productReference = 6663FE441B02ECBE00113338 /* IOSFontFamilyTests.xctest */;
			productType = "com.apple.product-type.bundle.unit-test";
		};
/* End PBXNativeTarget section */

/* Begin PBXProject section */
		6663FE231B02ECBE00113338 /* Project object */ = {
			isa = PBXProject;
			attributes = {
				LastUpgradeCheck = 0630;
				ORGANIZATIONNAME = XFoxer;
				TargetAttributes = {
					6663FE2A1B02ECBE00113338 = {
						CreatedOnToolsVersion = 6.3;
					};
					6663FE431B02ECBE00113338 = {
						CreatedOnToolsVersion = 6.3;
						TestTargetID = 6663FE2A1B02ECBE00113338;
					};
				};
			};
			buildConfigurationList = 6663FE261B02ECBE00113338 /* Build configuration list for PBXProject "IOSFontFamily" */;
			compatibilityVersion = "Xcode 3.2";
			developmentRegion = English;
			hasScannedForEncodings = 0;
			knownRegions = (
				en,
				Base,
			);
			mainGroup = 6663FE221B02ECBE00113338;
			productRefGroup = 6663FE2C1B02ECBE00113338 /* Products */;
			projectDirPath = "";
			projectRoot = "";
			targets = (
				6663FE2A1B02ECBE00113338 /* IOSFontFamily */,
				6663FE431B02ECBE00113338 /* IOSFontFamilyTests */,
			);
		};
/* End PBXProject section */

/* Begin PBXResourcesBuildPhase section */
		6663FE291B02ECBE00113338 /* Resources */ = {
			isa = PBXResourcesBuildPhase;
			buildActionMask = 2147483647;
			files = (
				6663FE3F1B02ECBE00113338 /* LaunchScreen.xib in Resources */,
				6663FE3C1B02ECBE00113338 /* Images.xcassets in Resources */,
			);
			runOnlyForDeploymentPostprocessing = 0;
		};
		6663FE421B02ECBE00113338 /* Resources */ = {
			isa = PBXResourcesBuildPhase;
			buildActionMask = 2147483647;
			files = (
			);
			runOnlyForDeploymentPostprocessing = 0;
		};
/* End PBXResourcesBuildPhase section */

/* Begin PBXSourcesBuildPhase section */
		6663FE271B02ECBE00113338 /* Sources */ = {
			isa = PBXSourcesBuildPhase;
			buildActionMask = 2147483647;
			files = (
				6663FE341B02ECBE00113338 /* AppDelegate.m in Sources */,
				6663FE561B02ED9B00113338 /* FontViewController.m in Sources */,
				6663FE311B02ECBE00113338 /* main.m in Sources */,
			);
			runOnlyForDeploymentPostprocessing = 0;
		};
		6663FE401B02ECBE00113338 /* Sources */ = {
			isa = PBXSourcesBuildPhase;
			buildActionMask = 2147483647;
			files = (
				6663FE4B1B02ECBE00113338 /* IOSFontFamilyTests.m in Sources */,
			);
			runOnlyForDeploymentPostprocessing = 0;
		};
/* End PBXSourcesBuildPhase section */

/* Begin PBXTargetDependency section */
		6663FE461B02ECBE00113338 /* PBXTargetDependency */ = {
			isa = PBXTargetDependency;
			target = 6663FE2A1B02ECBE00113338 /* IOSFontFamily */;
			targetProxy = 6663FE451B02ECBE00113338 /* PBXContainerItemProxy */;
		};
/* End PBXTargetDependency section */

/* Begin PBXVariantGroup section */
		6663FE3D1B02ECBE00113338 /* LaunchScreen.xib */ = {
			isa = PBXVariantGroup;
			children = (
				6663FE3E1B02ECBE00113338 /* Base */,
			);
			name = LaunchScreen.xib;
			sourceTree = "<group>";
		};
/* End PBXVariantGroup section */

/* Begin XCBuildConfiguration section */
		6663FE4C1B02ECBE00113338 /* Debug */ = {
			isa = XCBuildConfiguration;
			buildSettings = {
				ALWAYS_SEARCH_USER_PATHS = NO;
				CLANG_CXX_LANGUAGE_STANDARD = "gnu++0x";
				CLANG_CXX_LIBRARY = "libc++";
				CLANG_ENABLE_MODULES = YES;
				CLANG_ENABLE_OBJC_ARC = YES;
				CLANG_WARN_BOOL_CONVERSION = YES;
				CLANG_WARN_CONSTANT_CONVERSION = YES;
				CLANG_WARN_DIRECT_OBJC_ISA_USAGE = YES_ERROR;
				CLANG_WARN_EMPTY_BODY = YES;
				CLANG_WARN_ENUM_CONVERSION = YES;
				CLANG_WARN_INT_CONVERSION = YES;
				CLANG_WARN_OBJC_ROOT_CLASS = YES_ERROR;
				CLANG_WARN_UNREACHABLE_CODE = YES;
				CLANG_WARN__DUPLICATE_METHOD_MATCH = YES;
				"CODE_SIGN_IDENTITY[sdk=iphoneos*]" = "iPhone Developer";
				COPY_PHASE_STRIP = NO;
				DEBUG_INFORMATION_FORMAT = "dwarf-with-dsym";
				ENABLE_STRICT_OBJC_MSGSEND = YES;
				GCC_C_LANGUAGE_STANDARD = gnu99;
				GCC_DYNAMIC_NO_PIC = NO;
				GCC_NO_COMMON_BLOCKS = YES;
				GCC_OPTIMIZATION_LEVEL = 0;
				GCC_PREPROCESSOR_DEFINITIONS = (
					"DEBUG=1",
					"$(inherited)",
				);
				GCC_SYMBOLS_PRIVATE_EXTERN = NO;
				GCC_WARN_64_TO_32_BIT_CONVERSION = YES;
				GCC_WARN_ABOUT_RETURN_TYPE = YES_ERROR;
				GCC_WARN_UNDECLARED_SELECTOR = YES;
				GCC_WARN_UNINITIALIZED_AUTOS = YES_AGGRESSIVE;
				GCC_WARN_UNUSED_FUNCTION = YES;
				GCC_WARN_UNUSED_VARIABLE = YES;
				IPHONEOS_DEPLOYMENT_TARGET = 8.3;
				MTL_ENABLE_DEBUG_INFO = YES;
				ONLY_ACTIVE_ARCH = YES;
				SDKROOT = iphoneos;
			};
			name = Debug;
		};
		6663FE4D1B02ECBE00113338 /* Release */ = {
			isa = XCBuildConfiguration;
			buildSettings = {
				ALWAYS_SEARCH_USER_PATHS = NO;
				CLANG_CXX_LANGUAGE_STANDARD = "gnu++0x";
				CLANG_CXX_LIBRARY = "libc++";
				CLANG_ENABLE_MODULES = YES;
				CLANG_ENABLE_OBJC_ARC = YES;
				CLANG_WARN_BOOL_CONVERSION = YES;
				CLANG_WARN_CONSTANT_CONVERSION = YES;
				CLANG_WARN_DIRECT_OBJC_ISA_USAGE = YES_ERROR;
				CLANG_WARN_EMPTY_BODY = YES;
				CLANG_WARN_ENUM_CONVERSION = YES;
				CLANG_WARN_INT_CONVERSION = YES;
				CLANG_WARN_OBJC_ROOT_CLASS = YES_ERROR;
				CLANG_WARN_UNREACHABLE_CODE = YES;
				CLANG_WARN__DUPLICATE_METHOD_MATCH = YES;
				"CODE_SIGN_IDENTITY[sdk=iphoneos*]" = "iPhone Developer";
				COPY_PHASE_STRIP = NO;
				DEBUG_INFORMATION_FORMAT = "dwarf-with-dsym";
				ENABLE_NS_ASSERTIONS = NO;
				ENABLE_STRICT_OBJC_MSGSEND = YES;
				GCC_C_LANGUAGE_STANDARD = gnu99;
				GCC_NO_COMMON_BLOCKS = YES;
				GCC_WARN_64_TO_32_BIT_CONVERSION = YES;
				GCC_WARN_ABOUT_RETURN_TYPE = YES_ERROR;
				GCC_WARN_UNDECLARED_SELECTOR = YES;
				GCC_WARN_UNINITIALIZED_AUTOS = YES_AGGRESSIVE;
				GCC_WARN_UNUSED_FUNCTION = YES;
				GCC_WARN_UNUSED_VARIABLE = YES;
				IPHONEOS_DEPLOYMENT_TARGET = 8.3;
				MTL_ENABLE_DEBUG_INFO = NO;
				SDKROOT = iphoneos;
				VALIDATE_PRODUCT = YES;
			};
			name = Release;
		};
		6663FE4F1B02ECBE00113338 /* Debug */ = {
			isa = XCBuildConfiguration;
			buildSettings = {
				ASSETCATALOG_COMPILER_APPICON_NAME = AppIcon;
				INFOPLIST_FILE = IOSFontFamily/Info.plist;
				IPHONEOS_DEPLOYMENT_TARGET = 7.1;
				LD_RUNPATH_SEARCH_PATHS = "$(inherited) @executable_path/Frameworks";
				PRODUCT_NAME = "$(TARGET_NAME)";
			};
			name = Debug;
		};
		6663FE501B02ECBE00113338 /* Release */ = {
			isa = XCBuildConfiguration;
			buildSettings = {
				ASSETCATALOG_COMPILER_APPICON_NAME = AppIcon;
				INFOPLIST_FILE = IOSFontFamily/Info.plist;
				IPHONEOS_DEPLOYMENT_TARGET = 7.1;
				LD_RUNPATH_SEARCH_PATHS = "$(inherited) @executable_path/Frameworks";
				PRODUCT_NAME = "$(TARGET_NAME)";
			};
			name = Release;
		};
		6663FE521B02ECBE00113338 /* Debug */ = {
			isa = XCBuildConfiguration;
			buildSettings = {
				BUNDLE_LOADER = "$(TEST_HOST)";
				FRAMEWORK_SEARCH_PATHS = (
					"$(SDKROOT)/Developer/Library/Frameworks",
					"$(inherited)",
				);
				GCC_PREPROCESSOR_DEFINITIONS = (
					"DEBUG=1",
					"$(inherited)",
				);
				INFOPLIST_FILE = IOSFontFamilyTests/Info.plist;
				LD_RUNPATH_SEARCH_PATHS = "$(inherited) @executable_path/Frameworks @loader_path/Frameworks";
				PRODUCT_NAME = "$(TARGET_NAME)";
				TEST_HOST = "$(BUILT_PRODUCTS_DIR)/IOSFontFamily.app/IOSFontFamily";
			};
			name = Debug;
		};
		6663FE531B02ECBE00113338 /* Release */ = {
			isa = XCBuildConfiguration;
			buildSettings = {
				BUNDLE_LOADER = "$(TEST_HOST)";
				FRAMEWORK_SEARCH_PATHS = (
					"$(SDKROOT)/Developer/Library/Frameworks",
					"$(inherited)",
				);
				INFOPLIST_FILE = IOSFontFamilyTests/Info.plist;
				LD_RUNPATH_SEARCH_PATHS = "$(inherited) @executable_path/Frameworks @loader_path/Frameworks";
				PRODUCT_NAME = "$(TARGET_NAME)";
				TEST_HOST = "$(BUILT_PRODUCTS_DIR)/IOSFontFamily.app/IOSFontFamily";
			};
			name = Release;
		};
/* End XCBuildConfiguration section */

/* Begin XCConfigurationList section */
		6663FE261B02ECBE00113338 /* Build configuration list for PBXProject "IOSFontFamily" */ = {
			isa = XCConfigurationList;
			buildConfigurations = (
				6663FE4C1B02ECBE00113338 /* Debug */,
				6663FE4D1B02ECBE00113338 /* Release */,
			);
			defaultConfigurationIsVisible = 0;
			defaultConfigurationName = Release;
		};
		6663FE4E1B02ECBE00113338 /* Build configuration list for PBXNativeTarget "IOSFontFamily" */ = {
			isa = XCConfigurationList;
			buildConfigurations = (
				6663FE4F1B02ECBE00113338 /* Debug */,
				6663FE501B02ECBE00113338 /* Release */,
			);
			defaultConfigurationIsVisible = 0;
		};
		6663FE511B02ECBE00113338 /* Build configuration list for PBXNativeTarget "IOSFontFamilyTests" */ = {
			isa = XCConfigurationList;
			buildConfigurations = (
				6663FE521B02ECBE00113338 /* Debug */,
				6663FE531B02ECBE00113338 /* Release */,
			);
			defaultConfigurationIsVisible = 0;
		};
/* End XCConfigurationList section */
	};
	rootObject = 6663FE231B02ECBE00113338 /* Project object */;
}
